
Microsoft Visual Studio Solution File, Format Version 12.00
# Visual Studio Version 17
VisualStudioVersion = 17.0.31903.59
MinimumVisualStudioVersion = 10.0.40219.1
Project("{FAE04EC0-301F-11D3-BF4B-00C04F79EFBC}") = "FakeReports.Api", "FakeReports.Api\FakeReports.Api.csproj", "{6420194C-3673-42D2-97A2-AF9F5B9A9817}"
EndProject
Project("{FAE04EC0-301F-11D3-BF4B-00C04F79EFBC}") = "FakeReports.Api.Tests", "FakeReports.Api.Tests\FakeReports.Api.Tests.csproj", "{98E040BA-A300-46EC-AAD4-D9BD63D76B38}"
EndProject
Global
	GlobalSection(SolutionConfigurationPlatforms) = preSolution
		Debug|Any CPU = Debug|Any CPU
		Release|Any CPU = Release|Any CPU
	EndGlobalSection
	GlobalSection(SolutionProperties) = preSolution
		HideSolutionNode = FALSE
	EndGlobalSection
	GlobalSection(ProjectConfigurationPlatforms) = postSolution
		{6420194C-3673-42D2-97A2-AF9F5B9A9817}.Debug|Any CPU.ActiveCfg = Debug|Any CPU
		{6420194C-3673-42D2-97A2-AF9F5B9A9817}.Debug|Any CPU.Build.0 = Debug|Any CPU
		{6420194C-3673-42D2-97A2-AF9F5B9A9817}.Release|Any CPU.ActiveCfg = Release|Any CPU
		{6420194C-3673-42D2-97A2-AF9F5B9A9817}.Release|Any CPU.Build.0 = Release|Any CPU
		{98E040BA-A300-46EC-AAD4-D9BD63D76B38}.Debug|Any CPU.ActiveCfg = Debug|Any CPU
		{98E040BA-A300-46EC-AAD4-D9BD63D76B38}.Debug|Any CPU.Build.0 = Debug|Any CPU
		{98E040BA-A300-46EC-AAD4-D9BD63D76B38}.Release|Any CPU.ActiveCfg = Release|Any CPU
		{98E040BA-A300-46EC-AAD4-D9BD63D76B38}.Release|Any CPU.Build.0 = Release|Any CPU
	EndGlobalSection
EndGlobal
